
Microsoft Visual Studio Solution File, Format Version 12.00
# Visual Studio 15
VisualStudioVersion = 15.0.27428.2002
MinimumVisualStudioVersion = 10.0.40219.1
Project("{FAE04EC0-301F-11D3-BF4B-00C04F79EFBC}") = "Milestone_2_CST-227", "Milestone_2_CST-227\Milestone_2_CST-227.csproj", "{0D933148-4546-4350-8678-2ABDF2D68D3E}"
EndProject
Global
	GlobalSection(SolutionConfigurationPlatforms) = preSolution
		Debug|Any CPU = Debug|Any CPU
		Release|Any CPU = Release|Any CPU
	EndGlobalSection
	GlobalSection(ProjectConfigurationPlatforms) = postSolution
		{0D933148-4546-4350-8678-2ABDF2D68D3E}.Debug|Any CPU.ActiveCfg = Debug|Any CPU
		{0D933148-4546-4350-8678-2ABDF2D68D3E}.Debug|Any CPU.Build.0 = Debug|Any CPU
		{0D933148-4546-4350-8678-2ABDF2D68D3E}.Release|Any CPU.ActiveCfg = Release|Any CPU
		{0D933148-4546-4350-8678-2ABDF2D68D3E}.Release|Any CPU.Build.0 = Release|Any CPU
	EndGlobalSection
	GlobalSection(SolutionProperties) = preSolution
		HideSolutionNode = FALSE
	EndGlobalSection
	GlobalSection(ExtensibilityGlobals) = postSolution
		SolutionGuid = {C3A80C6C-373A-4208-8CCB-3EFD9ED4C7A8}
	EndGlobalSection
EndGlobal
